
Microsoft Visual Studio Solution File, Format Version 12.00
# Visual Studio 2012
Project("{FAE04EC0-301F-11D3-BF4B-00C04F79EFBC}") = "TipCalculation", "TipCalculation\TipCalculation.csproj", "{318A12F0-C029-4D1C-99EC-315D57E31812}"
EndProject
Global
	GlobalSection(SolutionConfigurationPlatforms) = preSolution
		Debug|x86 = Debug|x86
		Release|x86 = Release|x86
	EndGlobalSection
	GlobalSection(ProjectConfigurationPlatforms) = postSolution
		{318A12F0-C029-4D1C-99EC-315D57E31812}.Debug|x86.ActiveCfg = Debug|x86
		{318A12F0-C029-4D1C-99EC-315D57E31812}.Debug|x86.Build.0 = Debug|x86
		{318A12F0-C029-4D1C-99EC-315D57E31812}.Release|x86.ActiveCfg = Release|x86
		{318A12F0-C029-4D1C-99EC-315D57E31812}.Release|x86.Build.0 = Release|x86
	EndGlobalSection
	GlobalSection(MonoDevelopProperties) = preSolution
		StartupItem = TipCalculation\TipCalculation.csproj
	EndGlobalSection
EndGlobal
